{
    "name": "com.esystemes.far",
    "version": "1.0.0",
    "lockfileVersion": 2,
    "requires": true,
    "packages": {
        "": {
            "name": "com.esystemes.far",
            "version": "1.0.0",
            "license": "Apache-2.0",
            "dependencies": {
                "cordova-plugin-androidx": "^2.0.0",
                "cordova-plugin-splashscreen": "^5.0.4"
            }
        },
        "node_modules/cordova-plugin-androidx": {
            "version": "2.0.0",
            "resolved": "https://registry.npmjs.org/cordova-plugin-androidx/-/cordova-plugin-androidx-2.0.0.tgz",
            "integrity": "sha512-n5QA1LJ/wT9qpDCHAw2GwqVXVlEajRPnDH5CKZGpv90M1FYVMydYlFwCEbpp263e5I5QloPjyoyWagiKLB+JMg=="
        },
        "node_modules/cordova-plugin-splashscreen": {
            "version": "5.0.4",
            "resolved": "https://registry.npmjs.org/cordova-plugin-splashscreen/-/cordova-plugin-splashscreen-5.0.4.tgz",
            "integrity": "sha512-zmyhBrObNuwDH4KB4zuZrJ9IKC113EM6KJpqC0/2f3o9GRznPk1S4j9O9rosJT4EASg4X3hdssv9XkAH3D5ZYg==",
            "engines": {
                "node": ">=6.0.0",
                "cordovaDependencies": {
                    "<6.0.0": {
                        "cordova-ios": "<6.0.0"
                    },
                    "2.0.0": {
                        "cordova-android": ">=3.6.0"
                    },
                    "4.0.0": {
                        "cordova-android": ">=3.6.0",
                        "cordova-windows": ">=4.4.0"
                    },
                    "6.0.0": {
                        "cordova": ">100"
                    }
                }
            }
        }
    },
    "dependencies": {
        "cordova-plugin-androidx": {
            "version": "2.0.0",
            "resolved": "https://registry.npmjs.org/cordova-plugin-androidx/-/cordova-plugin-androidx-2.0.0.tgz",
            "integrity": "sha512-n5QA1LJ/wT9qpDCHAw2GwqVXVlEajRPnDH5CKZGpv90M1FYVMydYlFwCEbpp263e5I5QloPjyoyWagiKLB+JMg=="
        },
        "cordova-plugin-splashscreen": {
            "version": "5.0.4",
            "resolved": "https://registry.npmjs.org/cordova-plugin-splashscreen/-/cordova-plugin-splashscreen-5.0.4.tgz",
            "integrity": "sha512-zmyhBrObNuwDH4KB4zuZrJ9IKC113EM6KJpqC0/2f3o9GRznPk1S4j9O9rosJT4EASg4X3hdssv9XkAH3D5ZYg=="
        }
    }
}
